
Microsoft Visual Studio Solution File, Format Version 11.00
# Visual Studio 2010
Project("{FAE04EC0-301F-11D3-BF4B-00C04F79EFBC}") = "MyMvcApp", "MyMvcApp\MyMvcApp.csproj", "{893441C7-7443-4F8D-ADCA-505D760EF991}"
EndProject
Global
	GlobalSection(SolutionConfigurationPlatforms) = preSolution
		Debug|Any CPU = Debug|Any CPU
		Release|Any CPU = Release|Any CPU
	EndGlobalSection
	GlobalSection(ProjectConfigurationPlatforms) = postSolution
		{893441C7-7443-4F8D-ADCA-505D760EF991}.Debug|Any CPU.ActiveCfg = Debug|Any CPU
		{893441C7-7443-4F8D-ADCA-505D760EF991}.Debug|Any CPU.Build.0 = Debug|Any CPU
		{893441C7-7443-4F8D-ADCA-505D760EF991}.Release|Any CPU.ActiveCfg = Release|Any CPU
		{893441C7-7443-4F8D-ADCA-505D760EF991}.Release|Any CPU.Build.0 = Release|Any CPU
	EndGlobalSection
	GlobalSection(SolutionProperties) = preSolution
		HideSolutionNode = FALSE
	EndGlobalSection
EndGlobal
